{
  "version": 4,
  "terraform_version": "1.7.2",
  "serial": 1,
  "lineage": "00c5777c-d7c6-f6ed-4cb9-5240d6ce7b5e",
  "outputs": {},
  "resources": [
    {
      "mode": "managed",
      "type": "aws_iam_user",
      "name": "developer",
      "provider": "provider[\"registry.terraform.io/hashicorp/aws\"]",
      "instances": [
        {
          "schema_version": 0,
          "attributes": {
            "arn": "arn:aws:iam::329599639523:user/developer-user",
            "force_destroy": false,
            "id": "developer-user",
            "name": "developer-user",
            "path": "/",
            "permissions_boundary": "",
            "tags": null,
            "tags_all": {},
            "unique_id": "AIDAUZPNLL7RV73QIEVJK"
          },
          "sensitive_attributes": [],
          "private": "bnVsbA=="
        }
      ]
    }
  ],
  "check_results": null
}
